
Microsoft Visual Studio Solution File, Format Version 12.00
# Visual Studio 2012
Project("{f2a71f9b-5d33-465a-a702-920d77279786}") = "Logic", "Logic\Logic.fsproj", "{E4D6990D-384A-4147-BEA0-E765C175E5DE}"
EndProject
Project("{FAE04EC0-301F-11D3-BF4B-00C04F79EFBC}") = "QuizPresenter", "QuizPresenter\QuizPresenter.csproj", "{4160A9F2-3A79-451D-85BB-3235D096FB4D}"
EndProject
Global
	GlobalSection(SolutionConfigurationPlatforms) = preSolution
		Debug (Unix)|Any CPU = Debug (Unix)|Any CPU
		Release (Unix)|Any CPU = Release (Unix)|Any CPU
		Debug All (Windows)|Any CPU = Debug All (Windows)|Any CPU
		Release All (Windows)|Any CPU = Release All (Windows)|Any CPU
		Release|Any CPU = Release|Any CPU
		Release (Windows)|Any CPU = Release (Windows)|Any CPU
	EndGlobalSection
	GlobalSection(ProjectConfigurationPlatforms) = postSolution
		{E4D6990D-384A-4147-BEA0-E765C175E5DE}.Debug (Unix)|Any CPU.ActiveCfg = Debug|Any CPU
		{E4D6990D-384A-4147-BEA0-E765C175E5DE}.Debug (Unix)|Any CPU.Build.0 = Debug|Any CPU
		{E4D6990D-384A-4147-BEA0-E765C175E5DE}.Debug All (Windows)|Any CPU.ActiveCfg = Debug|Any CPU
		{E4D6990D-384A-4147-BEA0-E765C175E5DE}.Debug All (Windows)|Any CPU.Build.0 = Debug|Any CPU
		{E4D6990D-384A-4147-BEA0-E765C175E5DE}.Release|Any CPU.ActiveCfg = Release|Any CPU
		{E4D6990D-384A-4147-BEA0-E765C175E5DE}.Release|Any CPU.Build.0 = Release|Any CPU
		{E4D6990D-384A-4147-BEA0-E765C175E5DE}.Release (Windows)|Any CPU.ActiveCfg = Release|Any CPU
		{E4D6990D-384A-4147-BEA0-E765C175E5DE}.Release (Windows)|Any CPU.Build.0 = Release|Any CPU
		{4160A9F2-3A79-451D-85BB-3235D096FB4D}.Debug (Unix)|Any CPU.ActiveCfg = Debug|Any CPU
		{4160A9F2-3A79-451D-85BB-3235D096FB4D}.Debug (Unix)|Any CPU.Build.0 = Debug|Any CPU
		{4160A9F2-3A79-451D-85BB-3235D096FB4D}.Debug All (Windows)|Any CPU.ActiveCfg = Debug|Any CPU
		{4160A9F2-3A79-451D-85BB-3235D096FB4D}.Debug All (Windows)|Any CPU.Build.0 = Debug|Any CPU
		{4160A9F2-3A79-451D-85BB-3235D096FB4D}.Release|Any CPU.ActiveCfg = Release|Any CPU
		{4160A9F2-3A79-451D-85BB-3235D096FB4D}.Release|Any CPU.Build.0 = Release|Any CPU
		{4160A9F2-3A79-451D-85BB-3235D096FB4D}.Release (Windows)|Any CPU.ActiveCfg = Release|Any CPU
		{4160A9F2-3A79-451D-85BB-3235D096FB4D}.Release (Windows)|Any CPU.Build.0 = Release|Any CPU
	EndGlobalSection
	GlobalSection(NestedProjects) = preSolution
	EndGlobalSection
	GlobalSection(MonoDevelopProperties) = preSolution
		Policies = $0
		$0.DotNetNamingPolicy = $1
		$1.DirectoryNamespaceAssociation = None
		$1.ResourceNamePolicy = FileFormatDefault
		$0.StandardHeader = $2
		$2.Text = 
		$2.IncludeInNewFiles = True
		$0.NameConventionPolicy = $3
		$3.Rules = $4
		$4.NamingRule = $5
		$5.Name = Type Parameters
		$5.AffectedEntity = TypeParameter
		$5.VisibilityMask = VisibilityMask
		$5.NamingStyle = PascalCase
		$5.IncludeInstanceMembers = True
		$5.IncludeStaticEntities = True
		$5.RequiredPrefixes = $6
		$6.String = T
		$5.RequiredSuffixes = $7
		$7.String = Exception
		$0.VersionControlPolicy = $8
		$8.inheritsSet = Mono
		version = 0.1.0.0
	EndGlobalSection
EndGlobal
